
Microsoft Visual Studio Solution File, Format Version 12.00
# Visual Studio Version 17
VisualStudioVersion = 17.0.31903.59
MinimumVisualStudioVersion = 10.0.40219.1
Project("{2150E333-8FDC-42A3-9474-1A3956D46DE8}") = "src", "src", "{827E0CD3-B72D-47B6-A68D-7590B98EB39B}"
	ProjectSection(SolutionItems) = preProject
		src\global.json = src\global.json
	EndProjectSection
EndProject
Project("{2150E333-8FDC-42A3-9474-1A3956D46DE8}") = "services", "services", "{984BB9B3-3FA3-BE33-9484-CAC21695A33C}"
EndProject
Project("{2150E333-8FDC-42A3-9474-1A3956D46DE8}") = "Identity", "Identity", "{1BFC9479-12BF-35C3-06B8-42D89D95092B}"
EndProject
Project("{FAE04EC0-301F-11D3-BF4B-00C04F79EFBC}") = "NSE.Identity.API", "src\services\Identity\NSE.Identity.API\NSE.Identity.API.csproj", "{88036EEE-75B9-4AAC-B901-CA9E9FB539EC}"
EndProject
Project("{2150E333-8FDC-42A3-9474-1A3956D46DE8}") = "building-blocks", "building-blocks", "{C13E73B6-616D-3195-CD22-1E55A7D1F969}"
EndProject
Project("{FAE04EC0-301F-11D3-BF4B-00C04F79EFBC}") = "NSE.Core", "src\building-blocks\NSE.Core\NSE.Core.csproj", "{EFCD56DB-5FE1-4CD2-BD85-16D0E03FA701}"
EndProject
Project("{2150E333-8FDC-42A3-9474-1A3956D46DE8}") = "web", "web", "{03997797-E7F5-0643-168D-B8EA7178C2FE}"
EndProject
Project("{2150E333-8FDC-42A3-9474-1A3956D46DE8}") = "MVC", "MVC", "{4006C3A2-AEC2-ADD2-F290-A4520B706340}"
EndProject
Project("{FAE04EC0-301F-11D3-BF4B-00C04F79EFBC}") = "NSE.WebApp.MVC", "src\web\MVC\NSE.WebApp.MVC\NSE.WebApp.MVC.csproj", "{404C1E67-831E-4824-962F-2CFAA9E2BD9C}"
EndProject
Project("{2150E333-8FDC-42A3-9474-1A3956D46DE8}") = "Catalog", "Catalog", "{C91C1CF1-1625-0789-F869-53D87D6277BA}"
EndProject
Project("{FAE04EC0-301F-11D3-BF4B-00C04F79EFBC}") = "NSE.Catalog.API", "src\services\Catalog\NSE.Catalog.API\NSE.Catalog.API.csproj", "{7C4F9E1F-8D5A-4238-90D1-DC2422656A7C}"
EndProject
Project("{2150E333-8FDC-42A3-9474-1A3956D46DE8}") = "Customer", "Customer", "{BD33319C-751A-386D-048F-9AEFDEDD6518}"
EndProject
Project("{FAE04EC0-301F-11D3-BF4B-00C04F79EFBC}") = "NSE.Customer.API", "src\services\Customer\NSE.Customer.API\NSE.Customer.API.csproj", "{89287CDF-F697-4158-B650-EE4BA6403C95}"
EndProject
Project("{2150E333-8FDC-42A3-9474-1A3956D46DE8}") = "Order", "Order", "{B851199A-4979-E597-3D50-97AC5992BBAF}"
EndProject
Project("{FAE04EC0-301F-11D3-BF4B-00C04F79EFBC}") = "NSE.Order.Domain", "src\services\Order\NSE.Order.Domain\NSE.Order.Domain.csproj", "{68556E26-9AD5-425A-9C9A-130B9A496703}"
EndProject
Project("{FAE04EC0-301F-11D3-BF4B-00C04F79EFBC}") = "NSE.Order.Infra", "src\services\Order\NSE.Order.Infra\NSE.Order.Infra.csproj", "{FFA6A8B9-D454-438A-810A-CA49A3231621}"
EndProject
Project("{FAE04EC0-301F-11D3-BF4B-00C04F79EFBC}") = "NSE.Order.API", "src\services\Order\NSE.Order.API\NSE.Order.API.csproj", "{7351F368-0A2C-4BC7-93A6-0E4434DD6BFF}"
EndProject
Project("{2150E333-8FDC-42A3-9474-1A3956D46DE8}") = "Payment", "Payment", "{3FB03296-F262-2760-9861-73C41AF3766C}"
EndProject
Project("{FAE04EC0-301F-11D3-BF4B-00C04F79EFBC}") = "NSE.Payment.DevPay", "src\services\Payment\NSE.Payment.DevPay\NSE.Payment.DevPay.csproj", "{CD4A152B-F661-435B-AF8A-0E3A3792E990}"
EndProject
Project("{FAE04EC0-301F-11D3-BF4B-00C04F79EFBC}") = "NSE.Payment.API", "src\services\Payment\NSE.Payment.API\NSE.Payment.API.csproj", "{E928E45F-6B15-4F5A-A856-C9F418EA10F6}"
EndProject
Project("{2150E333-8FDC-42A3-9474-1A3956D46DE8}") = "ShoppingCart", "ShoppingCart", "{6CC1FC1C-CE2D-F76E-C46C-2D82BAE865C3}"
EndProject
Project("{FAE04EC0-301F-11D3-BF4B-00C04F79EFBC}") = "NSE.ShoppingCart.API", "src\services\ShoppingCart\NSE.ShoppingCart.API\NSE.ShoppingCart.API.csproj", "{F18816F8-019D-4A32-B651-1AD017866254}"
EndProject
Project("{FAE04EC0-301F-11D3-BF4B-00C04F79EFBC}") = "NSE.WebAPI.Core", "src\building-blocks\NSE.WebAPI.Core\NSE.WebAPI.Core.csproj", "{AD177F1B-7187-4D6C-A21E-7E3C9CAED3EB}"
EndProject
Project("{FAE04EC0-301F-11D3-BF4B-00C04F79EFBC}") = "NSE.Queue", "src\building-blocks\NSE.Queue\NSE.Queue.csproj", "{105FE42B-0C41-45B4-95A2-905591002AA8}"
EndProject
Project("{FAE04EC0-301F-11D3-BF4B-00C04F79EFBC}") = "NSE.Security", "src\building-blocks\NSE.Security\NSE.Security.csproj", "{E2883C23-671E-46B0-810F-1F9B0516D9A9}"
EndProject
Global
	GlobalSection(SolutionConfigurationPlatforms) = preSolution
		Debug|Any CPU = Debug|Any CPU
		Debug|x64 = Debug|x64
		Debug|x86 = Debug|x86
		Release|Any CPU = Release|Any CPU
		Release|x64 = Release|x64
		Release|x86 = Release|x86
	EndGlobalSection
	GlobalSection(ProjectConfigurationPlatforms) = postSolution
		{88036EEE-75B9-4AAC-B901-CA9E9FB539EC}.Debug|Any CPU.ActiveCfg = Debug|Any CPU
		{88036EEE-75B9-4AAC-B901-CA9E9FB539EC}.Debug|Any CPU.Build.0 = Debug|Any CPU
		{88036EEE-75B9-4AAC-B901-CA9E9FB539EC}.Debug|x64.ActiveCfg = Debug|Any CPU
		{88036EEE-75B9-4AAC-B901-CA9E9FB539EC}.Debug|x64.Build.0 = Debug|Any CPU
		{88036EEE-75B9-4AAC-B901-CA9E9FB539EC}.Debug|x86.ActiveCfg = Debug|Any CPU
		{88036EEE-75B9-4AAC-B901-CA9E9FB539EC}.Debug|x86.Build.0 = Debug|Any CPU
		{88036EEE-75B9-4AAC-B901-CA9E9FB539EC}.Release|Any CPU.ActiveCfg = Release|Any CPU
		{88036EEE-75B9-4AAC-B901-CA9E9FB539EC}.Release|Any CPU.Build.0 = Release|Any CPU
		{88036EEE-75B9-4AAC-B901-CA9E9FB539EC}.Release|x64.ActiveCfg = Release|Any CPU
		{88036EEE-75B9-4AAC-B901-CA9E9FB539EC}.Release|x64.Build.0 = Release|Any CPU
		{88036EEE-75B9-4AAC-B901-CA9E9FB539EC}.Release|x86.ActiveCfg = Release|Any CPU
		{88036EEE-75B9-4AAC-B901-CA9E9FB539EC}.Release|x86.Build.0 = Release|Any CPU
		{EFCD56DB-5FE1-4CD2-BD85-16D0E03FA701}.Debug|Any CPU.ActiveCfg = Debug|Any CPU
		{EFCD56DB-5FE1-4CD2-BD85-16D0E03FA701}.Debug|Any CPU.Build.0 = Debug|Any CPU
		{EFCD56DB-5FE1-4CD2-BD85-16D0E03FA701}.Debug|x64.ActiveCfg = Debug|Any CPU
		{EFCD56DB-5FE1-4CD2-BD85-16D0E03FA701}.Debug|x64.Build.0 = Debug|Any CPU
		{EFCD56DB-5FE1-4CD2-BD85-16D0E03FA701}.Debug|x86.ActiveCfg = Debug|Any CPU
		{EFCD56DB-5FE1-4CD2-BD85-16D0E03FA701}.Debug|x86.Build.0 = Debug|Any CPU
		{EFCD56DB-5FE1-4CD2-BD85-16D0E03FA701}.Release|Any CPU.ActiveCfg = Release|Any CPU
		{EFCD56DB-5FE1-4CD2-BD85-16D0E03FA701}.Release|Any CPU.Build.0 = Release|Any CPU
		{EFCD56DB-5FE1-4CD2-BD85-16D0E03FA701}.Release|x64.ActiveCfg = Release|Any CPU
		{EFCD56DB-5FE1-4CD2-BD85-16D0E03FA701}.Release|x64.Build.0 = Release|Any CPU
		{EFCD56DB-5FE1-4CD2-BD85-16D0E03FA701}.Release|x86.ActiveCfg = Release|Any CPU
		{EFCD56DB-5FE1-4CD2-BD85-16D0E03FA701}.Release|x86.Build.0 = Release|Any CPU
		{404C1E67-831E-4824-962F-2CFAA9E2BD9C}.Debug|Any CPU.ActiveCfg = Debug|Any CPU
		{404C1E67-831E-4824-962F-2CFAA9E2BD9C}.Debug|Any CPU.Build.0 = Debug|Any CPU
		{404C1E67-831E-4824-962F-2CFAA9E2BD9C}.Debug|x64.ActiveCfg = Debug|Any CPU
		{404C1E67-831E-4824-962F-2CFAA9E2BD9C}.Debug|x64.Build.0 = Debug|Any CPU
		{404C1E67-831E-4824-962F-2CFAA9E2BD9C}.Debug|x86.ActiveCfg = Debug|Any CPU
		{404C1E67-831E-4824-962F-2CFAA9E2BD9C}.Debug|x86.Build.0 = Debug|Any CPU
		{404C1E67-831E-4824-962F-2CFAA9E2BD9C}.Release|Any CPU.ActiveCfg = Release|Any CPU
		{404C1E67-831E-4824-962F-2CFAA9E2BD9C}.Release|Any CPU.Build.0 = Release|Any CPU
		{404C1E67-831E-4824-962F-2CFAA9E2BD9C}.Release|x64.ActiveCfg = Release|Any CPU
		{404C1E67-831E-4824-962F-2CFAA9E2BD9C}.Release|x64.Build.0 = Release|Any CPU
		{404C1E67-831E-4824-962F-2CFAA9E2BD9C}.Release|x86.ActiveCfg = Release|Any CPU
		{404C1E67-831E-4824-962F-2CFAA9E2BD9C}.Release|x86.Build.0 = Release|Any CPU
		{7C4F9E1F-8D5A-4238-90D1-DC2422656A7C}.Debug|Any CPU.ActiveCfg = Debug|Any CPU
		{7C4F9E1F-8D5A-4238-90D1-DC2422656A7C}.Debug|Any CPU.Build.0 = Debug|Any CPU
		{7C4F9E1F-8D5A-4238-90D1-DC2422656A7C}.Debug|x64.ActiveCfg = Debug|Any CPU
		{7C4F9E1F-8D5A-4238-90D1-DC2422656A7C}.Debug|x64.Build.0 = Debug|Any CPU
		{7C4F9E1F-8D5A-4238-90D1-DC2422656A7C}.Debug|x86.ActiveCfg = Debug|Any CPU
		{7C4F9E1F-8D5A-4238-90D1-DC2422656A7C}.Debug|x86.Build.0 = Debug|Any CPU
		{7C4F9E1F-8D5A-4238-90D1-DC2422656A7C}.Release|Any CPU.ActiveCfg = Release|Any CPU
		{7C4F9E1F-8D5A-4238-90D1-DC2422656A7C}.Release|Any CPU.Build.0 = Release|Any CPU
		{7C4F9E1F-8D5A-4238-90D1-DC2422656A7C}.Release|x64.ActiveCfg = Release|Any CPU
		{7C4F9E1F-8D5A-4238-90D1-DC2422656A7C}.Release|x64.Build.0 = Release|Any CPU
		{7C4F9E1F-8D5A-4238-90D1-DC2422656A7C}.Release|x86.ActiveCfg = Release|Any CPU
		{7C4F9E1F-8D5A-4238-90D1-DC2422656A7C}.Release|x86.Build.0 = Release|Any CPU
		{89287CDF-F697-4158-B650-EE4BA6403C95}.Debug|Any CPU.ActiveCfg = Debug|Any CPU
		{89287CDF-F697-4158-B650-EE4BA6403C95}.Debug|Any CPU.Build.0 = Debug|Any CPU
		{89287CDF-F697-4158-B650-EE4BA6403C95}.Debug|x64.ActiveCfg = Debug|Any CPU
		{89287CDF-F697-4158-B650-EE4BA6403C95}.Debug|x64.Build.0 = Debug|Any CPU
		{89287CDF-F697-4158-B650-EE4BA6403C95}.Debug|x86.ActiveCfg = Debug|Any CPU
		{89287CDF-F697-4158-B650-EE4BA6403C95}.Debug|x86.Build.0 = Debug|Any CPU
		{89287CDF-F697-4158-B650-EE4BA6403C95}.Release|Any CPU.ActiveCfg = Release|Any CPU
		{89287CDF-F697-4158-B650-EE4BA6403C95}.Release|Any CPU.Build.0 = Release|Any CPU
		{89287CDF-F697-4158-B650-EE4BA6403C95}.Release|x64.ActiveCfg = Release|Any CPU
		{89287CDF-F697-4158-B650-EE4BA6403C95}.Release|x64.Build.0 = Release|Any CPU
		{89287CDF-F697-4158-B650-EE4BA6403C95}.Release|x86.ActiveCfg = Release|Any CPU
		{89287CDF-F697-4158-B650-EE4BA6403C95}.Release|x86.Build.0 = Release|Any CPU
		{68556E26-9AD5-425A-9C9A-130B9A496703}.Debug|Any CPU.ActiveCfg = Debug|Any CPU
		{68556E26-9AD5-425A-9C9A-130B9A496703}.Debug|Any CPU.Build.0 = Debug|Any CPU
		{68556E26-9AD5-425A-9C9A-130B9A496703}.Debug|x64.ActiveCfg = Debug|Any CPU
		{68556E26-9AD5-425A-9C9A-130B9A496703}.Debug|x64.Build.0 = Debug|Any CPU
		{68556E26-9AD5-425A-9C9A-130B9A496703}.Debug|x86.ActiveCfg = Debug|Any CPU
		{68556E26-9AD5-425A-9C9A-130B9A496703}.Debug|x86.Build.0 = Debug|Any CPU
		{68556E26-9AD5-425A-9C9A-130B9A496703}.Release|Any CPU.ActiveCfg = Release|Any CPU
		{68556E26-9AD5-425A-9C9A-130B9A496703}.Release|Any CPU.Build.0 = Release|Any CPU
		{68556E26-9AD5-425A-9C9A-130B9A496703}.Release|x64.ActiveCfg = Release|Any CPU
		{68556E26-9AD5-425A-9C9A-130B9A496703}.Release|x64.Build.0 = Release|Any CPU
		{68556E26-9AD5-425A-9C9A-130B9A496703}.Release|x86.ActiveCfg = Release|Any CPU
		{68556E26-9AD5-425A-9C9A-130B9A496703}.Release|x86.Build.0 = Release|Any CPU
		{FFA6A8B9-D454-438A-810A-CA49A3231621}.Debug|Any CPU.ActiveCfg = Debug|Any CPU
		{FFA6A8B9-D454-438A-810A-CA49A3231621}.Debug|Any CPU.Build.0 = Debug|Any CPU
		{FFA6A8B9-D454-438A-810A-CA49A3231621}.Debug|x64.ActiveCfg = Debug|Any CPU
		{FFA6A8B9-D454-438A-810A-CA49A3231621}.Debug|x64.Build.0 = Debug|Any CPU
		{FFA6A8B9-D454-438A-810A-CA49A3231621}.Debug|x86.ActiveCfg = Debug|Any CPU
		{FFA6A8B9-D454-438A-810A-CA49A3231621}.Debug|x86.Build.0 = Debug|Any CPU
		{FFA6A8B9-D454-438A-810A-CA49A3231621}.Release|Any CPU.ActiveCfg = Release|Any CPU
		{FFA6A8B9-D454-438A-810A-CA49A3231621}.Release|Any CPU.Build.0 = Release|Any CPU
		{FFA6A8B9-D454-438A-810A-CA49A3231621}.Release|x64.ActiveCfg = Release|Any CPU
		{FFA6A8B9-D454-438A-810A-CA49A3231621}.Release|x64.Build.0 = Release|Any CPU
		{FFA6A8B9-D454-438A-810A-CA49A3231621}.Release|x86.ActiveCfg = Release|Any CPU
		{FFA6A8B9-D454-438A-810A-CA49A3231621}.Release|x86.Build.0 = Release|Any CPU
		{7351F368-0A2C-4BC7-93A6-0E4434DD6BFF}.Debug|Any CPU.ActiveCfg = Debug|Any CPU
		{7351F368-0A2C-4BC7-93A6-0E4434DD6BFF}.Debug|Any CPU.Build.0 = Debug|Any CPU
		{7351F368-0A2C-4BC7-93A6-0E4434DD6BFF}.Debug|x64.ActiveCfg = Debug|Any CPU
		{7351F368-0A2C-4BC7-93A6-0E4434DD6BFF}.Debug|x64.Build.0 = Debug|Any CPU
		{7351F368-0A2C-4BC7-93A6-0E4434DD6BFF}.Debug|x86.ActiveCfg = Debug|Any CPU
		{7351F368-0A2C-4BC7-93A6-0E4434DD6BFF}.Debug|x86.Build.0 = Debug|Any CPU
		{7351F368-0A2C-4BC7-93A6-0E4434DD6BFF}.Release|Any CPU.ActiveCfg = Release|Any CPU
		{7351F368-0A2C-4BC7-93A6-0E4434DD6BFF}.Release|Any CPU.Build.0 = Release|Any CPU
		{7351F368-0A2C-4BC7-93A6-0E4434DD6BFF}.Release|x64.ActiveCfg = Release|Any CPU
		{7351F368-0A2C-4BC7-93A6-0E4434DD6BFF}.Release|x64.Build.0 = Release|Any CPU
		{7351F368-0A2C-4BC7-93A6-0E4434DD6BFF}.Release|x86.ActiveCfg = Release|Any CPU
		{7351F368-0A2C-4BC7-93A6-0E4434DD6BFF}.Release|x86.Build.0 = Release|Any CPU
		{CD4A152B-F661-435B-AF8A-0E3A3792E990}.Debug|Any CPU.ActiveCfg = Debug|Any CPU
		{CD4A152B-F661-435B-AF8A-0E3A3792E990}.Debug|Any CPU.Build.0 = Debug|Any CPU
		{CD4A152B-F661-435B-AF8A-0E3A3792E990}.Debug|x64.ActiveCfg = Debug|Any CPU
		{CD4A152B-F661-435B-AF8A-0E3A3792E990}.Debug|x64.Build.0 = Debug|Any CPU
		{CD4A152B-F661-435B-AF8A-0E3A3792E990}.Debug|x86.ActiveCfg = Debug|Any CPU
		{CD4A152B-F661-435B-AF8A-0E3A3792E990}.Debug|x86.Build.0 = Debug|Any CPU
		{CD4A152B-F661-435B-AF8A-0E3A3792E990}.Release|Any CPU.ActiveCfg = Release|Any CPU
		{CD4A152B-F661-435B-AF8A-0E3A3792E990}.Release|Any CPU.Build.0 = Release|Any CPU
		{CD4A152B-F661-435B-AF8A-0E3A3792E990}.Release|x64.ActiveCfg = Release|Any CPU
		{CD4A152B-F661-435B-AF8A-0E3A3792E990}.Release|x64.Build.0 = Release|Any CPU
		{CD4A152B-F661-435B-AF8A-0E3A3792E990}.Release|x86.ActiveCfg = Release|Any CPU
		{CD4A152B-F661-435B-AF8A-0E3A3792E990}.Release|x86.Build.0 = Release|Any CPU
		{E928E45F-6B15-4F5A-A856-C9F418EA10F6}.Debug|Any CPU.ActiveCfg = Debug|Any CPU
		{E928E45F-6B15-4F5A-A856-C9F418EA10F6}.Debug|Any CPU.Build.0 = Debug|Any CPU
		{E928E45F-6B15-4F5A-A856-C9F418EA10F6}.Debug|x64.ActiveCfg = Debug|Any CPU
		{E928E45F-6B15-4F5A-A856-C9F418EA10F6}.Debug|x64.Build.0 = Debug|Any CPU
		{E928E45F-6B15-4F5A-A856-C9F418EA10F6}.Debug|x86.ActiveCfg = Debug|Any CPU
		{E928E45F-6B15-4F5A-A856-C9F418EA10F6}.Debug|x86.Build.0 = Debug|Any CPU
		{E928E45F-6B15-4F5A-A856-C9F418EA10F6}.Release|Any CPU.ActiveCfg = Release|Any CPU
		{E928E45F-6B15-4F5A-A856-C9F418EA10F6}.Release|Any CPU.Build.0 = Release|Any CPU
		{E928E45F-6B15-4F5A-A856-C9F418EA10F6}.Release|x64.ActiveCfg = Release|Any CPU
		{E928E45F-6B15-4F5A-A856-C9F418EA10F6}.Release|x64.Build.0 = Release|Any CPU
		{E928E45F-6B15-4F5A-A856-C9F418EA10F6}.Release|x86.ActiveCfg = Release|Any CPU
		{E928E45F-6B15-4F5A-A856-C9F418EA10F6}.Release|x86.Build.0 = Release|Any CPU
		{F18816F8-019D-4A32-B651-1AD017866254}.Debug|Any CPU.ActiveCfg = Debug|Any CPU
		{F18816F8-019D-4A32-B651-1AD017866254}.Debug|Any CPU.Build.0 = Debug|Any CPU
		{F18816F8-019D-4A32-B651-1AD017866254}.Debug|x64.ActiveCfg = Debug|Any CPU
		{F18816F8-019D-4A32-B651-1AD017866254}.Debug|x64.Build.0 = Debug|Any CPU
		{F18816F8-019D-4A32-B651-1AD017866254}.Debug|x86.ActiveCfg = Debug|Any CPU
		{F18816F8-019D-4A32-B651-1AD017866254}.Debug|x86.Build.0 = Debug|Any CPU
		{F18816F8-019D-4A32-B651-1AD017866254}.Release|Any CPU.ActiveCfg = Release|Any CPU
		{F18816F8-019D-4A32-B651-1AD017866254}.Release|Any CPU.Build.0 = Release|Any CPU
		{F18816F8-019D-4A32-B651-1AD017866254}.Release|x64.ActiveCfg = Release|Any CPU
		{F18816F8-019D-4A32-B651-1AD017866254}.Release|x64.Build.0 = Release|Any CPU
		{F18816F8-019D-4A32-B651-1AD017866254}.Release|x86.ActiveCfg = Release|Any CPU
		{F18816F8-019D-4A32-B651-1AD017866254}.Release|x86.Build.0 = Release|Any CPU
		{AD177F1B-7187-4D6C-A21E-7E3C9CAED3EB}.Debug|Any CPU.ActiveCfg = Debug|Any CPU
		{AD177F1B-7187-4D6C-A21E-7E3C9CAED3EB}.Debug|Any CPU.Build.0 = Debug|Any CPU
		{AD177F1B-7187-4D6C-A21E-7E3C9CAED3EB}.Debug|x64.ActiveCfg = Debug|Any CPU
		{AD177F1B-7187-4D6C-A21E-7E3C9CAED3EB}.Debug|x64.Build.0 = Debug|Any CPU
		{AD177F1B-7187-4D6C-A21E-7E3C9CAED3EB}.Debug|x86.ActiveCfg = Debug|Any CPU
		{AD177F1B-7187-4D6C-A21E-7E3C9CAED3EB}.Debug|x86.Build.0 = Debug|Any CPU
		{AD177F1B-7187-4D6C-A21E-7E3C9CAED3EB}.Release|Any CPU.ActiveCfg = Release|Any CPU
		{AD177F1B-7187-4D6C-A21E-7E3C9CAED3EB}.Release|Any CPU.Build.0 = Release|Any CPU
		{AD177F1B-7187-4D6C-A21E-7E3C9CAED3EB}.Release|x64.ActiveCfg = Release|Any CPU
		{AD177F1B-7187-4D6C-A21E-7E3C9CAED3EB}.Release|x64.Build.0 = Release|Any CPU
		{AD177F1B-7187-4D6C-A21E-7E3C9CAED3EB}.Release|x86.ActiveCfg = Release|Any CPU
		{AD177F1B-7187-4D6C-A21E-7E3C9CAED3EB}.Release|x86.Build.0 = Release|Any CPU
		{105FE42B-0C41-45B4-95A2-905591002AA8}.Debug|Any CPU.ActiveCfg = Debug|Any CPU
		{105FE42B-0C41-45B4-95A2-905591002AA8}.Debug|Any CPU.Build.0 = Debug|Any CPU
		{105FE42B-0C41-45B4-95A2-905591002AA8}.Debug|x64.ActiveCfg = Debug|Any CPU
		{105FE42B-0C41-45B4-95A2-905591002AA8}.Debug|x64.Build.0 = Debug|Any CPU
		{105FE42B-0C41-45B4-95A2-905591002AA8}.Debug|x86.ActiveCfg = Debug|Any CPU
		{105FE42B-0C41-45B4-95A2-905591002AA8}.Debug|x86.Build.0 = Debug|Any CPU
		{105FE42B-0C41-45B4-95A2-905591002AA8}.Release|Any CPU.ActiveCfg = Release|Any CPU
		{105FE42B-0C41-45B4-95A2-905591002AA8}.Release|Any CPU.Build.0 = Release|Any CPU
		{105FE42B-0C41-45B4-95A2-905591002AA8}.Release|x64.ActiveCfg = Release|Any CPU
		{105FE42B-0C41-45B4-95A2-905591002AA8}.Release|x64.Build.0 = Release|Any CPU
		{105FE42B-0C41-45B4-95A2-905591002AA8}.Release|x86.ActiveCfg = Release|Any CPU
		{105FE42B-0C41-45B4-95A2-905591002AA8}.Release|x86.Build.0 = Release|Any CPU
		{E2883C23-671E-46B0-810F-1F9B0516D9A9}.Debug|Any CPU.ActiveCfg = Debug|Any CPU
		{E2883C23-671E-46B0-810F-1F9B0516D9A9}.Debug|Any CPU.Build.0 = Debug|Any CPU
		{E2883C23-671E-46B0-810F-1F9B0516D9A9}.Debug|x64.ActiveCfg = Debug|Any CPU
		{E2883C23-671E-46B0-810F-1F9B0516D9A9}.Debug|x64.Build.0 = Debug|Any CPU
		{E2883C23-671E-46B0-810F-1F9B0516D9A9}.Debug|x86.ActiveCfg = Debug|Any CPU
		{E2883C23-671E-46B0-810F-1F9B0516D9A9}.Debug|x86.Build.0 = Debug|Any CPU
		{E2883C23-671E-46B0-810F-1F9B0516D9A9}.Release|Any CPU.ActiveCfg = Release|Any CPU
		{E2883C23-671E-46B0-810F-1F9B0516D9A9}.Release|Any CPU.Build.0 = Release|Any CPU
		{E2883C23-671E-46B0-810F-1F9B0516D9A9}.Release|x64.ActiveCfg = Release|Any CPU
		{E2883C23-671E-46B0-810F-1F9B0516D9A9}.Release|x64.Build.0 = Release|Any CPU
		{E2883C23-671E-46B0-810F-1F9B0516D9A9}.Release|x86.ActiveCfg = Release|Any CPU
		{E2883C23-671E-46B0-810F-1F9B0516D9A9}.Release|x86.Build.0 = Release|Any CPU
	EndGlobalSection
	GlobalSection(SolutionProperties) = preSolution
		HideSolutionNode = FALSE
	EndGlobalSection
	GlobalSection(NestedProjects) = preSolution
		{984BB9B3-3FA3-BE33-9484-CAC21695A33C} = {827E0CD3-B72D-47B6-A68D-7590B98EB39B}
		{1BFC9479-12BF-35C3-06B8-42D89D95092B} = {984BB9B3-3FA3-BE33-9484-CAC21695A33C}
		{88036EEE-75B9-4AAC-B901-CA9E9FB539EC} = {1BFC9479-12BF-35C3-06B8-42D89D95092B}
		{C13E73B6-616D-3195-CD22-1E55A7D1F969} = {827E0CD3-B72D-47B6-A68D-7590B98EB39B}
		{EFCD56DB-5FE1-4CD2-BD85-16D0E03FA701} = {C13E73B6-616D-3195-CD22-1E55A7D1F969}
		{03997797-E7F5-0643-168D-B8EA7178C2FE} = {827E0CD3-B72D-47B6-A68D-7590B98EB39B}
		{4006C3A2-AEC2-ADD2-F290-A4520B706340} = {03997797-E7F5-0643-168D-B8EA7178C2FE}
		{404C1E67-831E-4824-962F-2CFAA9E2BD9C} = {4006C3A2-AEC2-ADD2-F290-A4520B706340}
		{C91C1CF1-1625-0789-F869-53D87D6277BA} = {984BB9B3-3FA3-BE33-9484-CAC21695A33C}
		{7C4F9E1F-8D5A-4238-90D1-DC2422656A7C} = {C91C1CF1-1625-0789-F869-53D87D6277BA}
		{BD33319C-751A-386D-048F-9AEFDEDD6518} = {984BB9B3-3FA3-BE33-9484-CAC21695A33C}
		{89287CDF-F697-4158-B650-EE4BA6403C95} = {BD33319C-751A-386D-048F-9AEFDEDD6518}
		{B851199A-4979-E597-3D50-97AC5992BBAF} = {984BB9B3-3FA3-BE33-9484-CAC21695A33C}
		{68556E26-9AD5-425A-9C9A-130B9A496703} = {B851199A-4979-E597-3D50-97AC5992BBAF}
		{FFA6A8B9-D454-438A-810A-CA49A3231621} = {B851199A-4979-E597-3D50-97AC5992BBAF}
		{7351F368-0A2C-4BC7-93A6-0E4434DD6BFF} = {B851199A-4979-E597-3D50-97AC5992BBAF}
		{3FB03296-F262-2760-9861-73C41AF3766C} = {984BB9B3-3FA3-BE33-9484-CAC21695A33C}
		{CD4A152B-F661-435B-AF8A-0E3A3792E990} = {3FB03296-F262-2760-9861-73C41AF3766C}
		{E928E45F-6B15-4F5A-A856-C9F418EA10F6} = {3FB03296-F262-2760-9861-73C41AF3766C}
		{6CC1FC1C-CE2D-F76E-C46C-2D82BAE865C3} = {984BB9B3-3FA3-BE33-9484-CAC21695A33C}
		{F18816F8-019D-4A32-B651-1AD017866254} = {6CC1FC1C-CE2D-F76E-C46C-2D82BAE865C3}
		{AD177F1B-7187-4D6C-A21E-7E3C9CAED3EB} = {C13E73B6-616D-3195-CD22-1E55A7D1F969}
		{105FE42B-0C41-45B4-95A2-905591002AA8} = {C13E73B6-616D-3195-CD22-1E55A7D1F969}
		{E2883C23-671E-46B0-810F-1F9B0516D9A9} = {C13E73B6-616D-3195-CD22-1E55A7D1F969}
	EndGlobalSection
EndGlobal
